
Microsoft Visual Studio Solution File, Format Version 12.00
Project("{FAE04EC0-301F-11D3-BF4B-00C04F79EFBC}") = "FileStatusProject", "FileStatusProject\FileStatusProject.csproj", "{BD592AE4-8418-455E-9FC0-B654BEECE0C9}"
EndProject
Project("{FAE04EC0-301F-11D3-BF4B-00C04F79EFBC}") = "GenerateFile", "GenerateFile\GenerateFile.csproj", "{4FBAFFE4-8028-419D-914F-84FFBBE10DED}"
EndProject
Global
	GlobalSection(SolutionConfigurationPlatforms) = preSolution
		Debug|Any CPU = Debug|Any CPU
		Release|Any CPU = Release|Any CPU
	EndGlobalSection
	GlobalSection(ProjectConfigurationPlatforms) = postSolution
		{BD592AE4-8418-455E-9FC0-B654BEECE0C9}.Debug|Any CPU.ActiveCfg = Debug|Any CPU
		{BD592AE4-8418-455E-9FC0-B654BEECE0C9}.Debug|Any CPU.Build.0 = Debug|Any CPU
		{BD592AE4-8418-455E-9FC0-B654BEECE0C9}.Release|Any CPU.ActiveCfg = Release|Any CPU
		{BD592AE4-8418-455E-9FC0-B654BEECE0C9}.Release|Any CPU.Build.0 = Release|Any CPU
		{4FBAFFE4-8028-419D-914F-84FFBBE10DED}.Debug|Any CPU.ActiveCfg = Debug|Any CPU
		{4FBAFFE4-8028-419D-914F-84FFBBE10DED}.Debug|Any CPU.Build.0 = Debug|Any CPU
		{4FBAFFE4-8028-419D-914F-84FFBBE10DED}.Release|Any CPU.ActiveCfg = Release|Any CPU
		{4FBAFFE4-8028-419D-914F-84FFBBE10DED}.Release|Any CPU.Build.0 = Release|Any CPU
	EndGlobalSection
EndGlobal
